
Microsoft Visual Studio Solution File, Format Version 12.00
# Visual Studio Version 16
VisualStudioVersion = 16.0.32630.194
MinimumVisualStudioVersion = 10.0.40219.1
Project("{9A19103F-16F7-4668-BE54-9A1E7A4F7556}") = "OOPSConcept", "OOPSConcept.csproj", "{E4D6EBDD-8803-4AA7-975D-362A9B64C465}"
EndProject
Project("{2150E333-8FDC-42A3-9474-1A3956D46DE8}") = "Solution Items", "Solution Items", "{C6F2C2E2-44D0-439A-8996-A43505041483}"
	ProjectSection(SolutionItems) = preProject
		.editorconfig = .editorconfig
	EndProjectSection
EndProject
Global
	GlobalSection(SolutionConfigurationPlatforms) = preSolution
		Debug|Any CPU = Debug|Any CPU
		Release|Any CPU = Release|Any CPU
	EndGlobalSection
	GlobalSection(ProjectConfigurationPlatforms) = postSolution
		{E4D6EBDD-8803-4AA7-975D-362A9B64C465}.Debug|Any CPU.ActiveCfg = Debug|Any CPU
		{E4D6EBDD-8803-4AA7-975D-362A9B64C465}.Debug|Any CPU.Build.0 = Debug|Any CPU
		{E4D6EBDD-8803-4AA7-975D-362A9B64C465}.Release|Any CPU.ActiveCfg = Release|Any CPU
		{E4D6EBDD-8803-4AA7-975D-362A9B64C465}.Release|Any CPU.Build.0 = Release|Any CPU
	EndGlobalSection
	GlobalSection(SolutionProperties) = preSolution
		HideSolutionNode = FALSE
	EndGlobalSection
	GlobalSection(ExtensibilityGlobals) = postSolution
		SolutionGuid = {D10DB372-0F5E-4E6E-B7E0-74EDEA8C2089}
	EndGlobalSection
EndGlobal
